
Microsoft Visual Studio Solution File, Format Version 12.00
# Visual Studio Version 16
VisualStudioVersion = 25.0.1706.4
MinimumVisualStudioVersion = 10.0.40219.1
Project("{FAE04EC0-301F-11D3-BF4B-00C04F79EFBC}") = "EFGetStarted", "EFGetStarted\EFGetStarted.csproj", "{EBC65DB6-C715-4170-BA77-9B3B6F6A2DEC}"
EndProject
Global
	GlobalSection(SolutionConfigurationPlatforms) = preSolution
		Debug|Any CPU = Debug|Any CPU
		Release|Any CPU = Release|Any CPU
	EndGlobalSection
	GlobalSection(ProjectConfigurationPlatforms) = postSolution
		{EBC65DB6-C715-4170-BA77-9B3B6F6A2DEC}.Debug|Any CPU.ActiveCfg = Debug|Any CPU
		{EBC65DB6-C715-4170-BA77-9B3B6F6A2DEC}.Debug|Any CPU.Build.0 = Debug|Any CPU
		{EBC65DB6-C715-4170-BA77-9B3B6F6A2DEC}.Release|Any CPU.ActiveCfg = Release|Any CPU
		{EBC65DB6-C715-4170-BA77-9B3B6F6A2DEC}.Release|Any CPU.Build.0 = Release|Any CPU
	EndGlobalSection
	GlobalSection(SolutionProperties) = preSolution
		HideSolutionNode = FALSE
	EndGlobalSection
	GlobalSection(ExtensibilityGlobals) = postSolution
		SolutionGuid = {C683714A-8F4B-4249-8384-BAB710C3BCC8}
	EndGlobalSection
EndGlobal
